
Microsoft Visual Studio Solution File, Format Version 12.00
# Visual Studio Version 16
VisualStudioVersion = 16.0.30709.132
MinimumVisualStudioVersion = 10.0.40219.1
Project("{8BC9CEB8-8B4A-11D0-8D11-00A0C91BC942}") = "screenshot", "screenshot.vcxproj", "{CCC88FC8-7775-4C93-87A3-D2E1E3610C48}"
EndProject
Global
	GlobalSection(SolutionConfigurationPlatforms) = preSolution
		Debug|Win32 = Debug|Win32
		Debug|x64 = Debug|x64
		Debug|x86 = Debug|x86
		Release|Win32 = Release|Win32
		Release|x64 = Release|x64
		Release|x86 = Release|x86
	EndGlobalSection
	GlobalSection(ProjectConfigurationPlatforms) = postSolution
		{CCC88FC8-7775-4C93-87A3-D2E1E3610C48}.Debug|Win32.ActiveCfg = Debug|Win32
		{CCC88FC8-7775-4C93-87A3-D2E1E3610C48}.Debug|Win32.Build.0 = Debug|Win32
		{CCC88FC8-7775-4C93-87A3-D2E1E3610C48}.Debug|x64.ActiveCfg = Debug|x64
		{CCC88FC8-7775-4C93-87A3-D2E1E3610C48}.Debug|x64.Build.0 = Debug|x64
		{CCC88FC8-7775-4C93-87A3-D2E1E3610C48}.Debug|x86.ActiveCfg = Debug|Win32
		{CCC88FC8-7775-4C93-87A3-D2E1E3610C48}.Debug|x86.Build.0 = Debug|Win32
		{CCC88FC8-7775-4C93-87A3-D2E1E3610C48}.Release|Win32.ActiveCfg = Release|Win32
		{CCC88FC8-7775-4C93-87A3-D2E1E3610C48}.Release|Win32.Build.0 = Release|Win32
		{CCC88FC8-7775-4C93-87A3-D2E1E3610C48}.Release|x64.ActiveCfg = Release|x64
		{CCC88FC8-7775-4C93-87A3-D2E1E3610C48}.Release|x64.Build.0 = Release|x64
		{CCC88FC8-7775-4C93-87A3-D2E1E3610C48}.Release|x86.ActiveCfg = Release|Win32
		{CCC88FC8-7775-4C93-87A3-D2E1E3610C48}.Release|x86.Build.0 = Release|Win32
	EndGlobalSection
	GlobalSection(SolutionProperties) = preSolution
		HideSolutionNode = FALSE
	EndGlobalSection
	GlobalSection(ExtensibilityGlobals) = postSolution
		SolutionGuid = {29D175AE-880C-4656-960D-3ECA9EC6EE57}
	EndGlobalSection
EndGlobal
